
Microsoft Visual Studio Solution File, Format Version 12.00
# Visual Studio Version 16
VisualStudioVersion = 16.0.31702.278
MinimumVisualStudioVersion = 10.0.40219.1
Project("{8BC9CEB8-8B4A-11D0-8D11-00A0C91BC942}") = "lab_5_1", "lab_5_1.vcxproj", "{149CB531-15BA-4427-91A6-2D9F800BBC37}"
EndProject
Project("{8BC9CEB8-8B4A-11D0-8D11-00A0C91BC942}") = "UnitTest2", "UnitTest2\UnitTest2.vcxproj", "{73A840E5-D971-413C-9D38-6B021857BD3E}"
EndProject
Global
	GlobalSection(SolutionConfigurationPlatforms) = preSolution
		Debug|x64 = Debug|x64
		Debug|x86 = Debug|x86
		Release|x64 = Release|x64
		Release|x86 = Release|x86
	EndGlobalSection
	GlobalSection(ProjectConfigurationPlatforms) = postSolution
		{149CB531-15BA-4427-91A6-2D9F800BBC37}.Debug|x64.ActiveCfg = Debug|x64
		{149CB531-15BA-4427-91A6-2D9F800BBC37}.Debug|x64.Build.0 = Debug|x64
		{149CB531-15BA-4427-91A6-2D9F800BBC37}.Debug|x86.ActiveCfg = Debug|Win32
		{149CB531-15BA-4427-91A6-2D9F800BBC37}.Debug|x86.Build.0 = Debug|Win32
		{149CB531-15BA-4427-91A6-2D9F800BBC37}.Release|x64.ActiveCfg = Release|x64
		{149CB531-15BA-4427-91A6-2D9F800BBC37}.Release|x64.Build.0 = Release|x64
		{149CB531-15BA-4427-91A6-2D9F800BBC37}.Release|x86.ActiveCfg = Release|Win32
		{149CB531-15BA-4427-91A6-2D9F800BBC37}.Release|x86.Build.0 = Release|Win32
		{73A840E5-D971-413C-9D38-6B021857BD3E}.Debug|x64.ActiveCfg = Debug|x64
		{73A840E5-D971-413C-9D38-6B021857BD3E}.Debug|x64.Build.0 = Debug|x64
		{73A840E5-D971-413C-9D38-6B021857BD3E}.Debug|x86.ActiveCfg = Debug|Win32
		{73A840E5-D971-413C-9D38-6B021857BD3E}.Debug|x86.Build.0 = Debug|Win32
		{73A840E5-D971-413C-9D38-6B021857BD3E}.Release|x64.ActiveCfg = Release|x64
		{73A840E5-D971-413C-9D38-6B021857BD3E}.Release|x64.Build.0 = Release|x64
		{73A840E5-D971-413C-9D38-6B021857BD3E}.Release|x86.ActiveCfg = Release|Win32
		{73A840E5-D971-413C-9D38-6B021857BD3E}.Release|x86.Build.0 = Release|Win32
	EndGlobalSection
	GlobalSection(SolutionProperties) = preSolution
		HideSolutionNode = FALSE
	EndGlobalSection
	GlobalSection(ExtensibilityGlobals) = postSolution
		SolutionGuid = {AE5F645D-95FF-4F3D-B6D4-13EDF798AE1F}
	EndGlobalSection
EndGlobal
